// !$*UTF8*$!
{
	archiveVersion = 1;
	classes = {
	};
	objectVersion = 50;
	objects = {

/* Begin PBXBuildFile section */
		E9DBFE572745995900F33717 /* AppDelegate.swift in Sources */ = {isa = PBXBuildFile; fileRef = E9DBFE562745995900F33717 /* AppDelegate.swift */; };
		E9DBFE592745995900F33717 /* SceneDelegate.swift in Sources */ = {isa = PBXBuildFile; fileRef = E9DBFE582745995900F33717 /* SceneDelegate.swift */; };
		E9DBFE5B2745995900F33717 /* ViewController.swift in Sources */ = {isa = PBXBuildFile; fileRef = E9DBFE5A2745995900F33717 /* ViewController.swift */; };
		E9DBFE5E2745995900F33717 /* Main.storyboard in Resources */ = {isa = PBXBuildFile; fileRef = E9DBFE5C2745995900F33717 /* Main.storyboard */; };
		E9DBFE612745995900F33717 /* eCONSTORE.xcdatamodeld in Sources */ = {isa = PBXBuildFile; fileRef = E9DBFE5F2745995900F33717 /* eCONSTORE.xcdatamodeld */; };
		E9DBFE632745995C00F33717 /* Assets.xcassets in Resources */ = {isa = PBXBuildFile; fileRef = E9DBFE622745995C00F33717 /* Assets.xcassets */; };
		E9DBFE662745995C00F33717 /* LaunchScreen.storyboard in Resources */ = {isa = PBXBuildFile; fileRef = E9DBFE642745995C00F33717 /* LaunchScreen.storyboard */; };
/* End PBXBuildFile section */

/* Begin PBXFileReference section */
		E9DBFE532745995900F33717 /* eCONSTORE.app */ = {isa = PBXFileReference; explicitFileType = wrapper.application; includeInIndex = 0; path = eCONSTORE.app; sourceTree = BUILT_PRODUCTS_DIR; };
		E9DBFE562745995900F33717 /* AppDelegate.swift */ = {isa = PBXFileReference; lastKnownFileType = sourcecode.swift; path = AppDelegate.swift; sourceTree = "<group>"; };
		E9DBFE582745995900F33717 /* SceneDelegate.swift */ = {isa = PBXFileReference; lastKnownFileType = sourcecode.swift; path = SceneDelegate.swift; sourceTree = "<group>"; };
		E9DBFE5A2745995900F33717 /* ViewController.swift */ = {isa = PBXFileReference; lastKnownFileType = sourcecode.swift; path = ViewController.swift; sourceTree = "<group>"; };
		E9DBFE5D2745995900F33717 /* Base */ = {isa = PBXFileReference; lastKnownFileType = file.storyboard; name = Base; path = Base.lproj/Main.storyboard; sourceTree = "<group>"; };
		E9DBFE602745995900F33717 /* eCONSTORE.xcdatamodel */ = {isa = PBXFileReference; lastKnownFileType = wrapper.xcdatamodel; path = eCONSTORE.xcdatamodel; sourceTree = "<group>"; };
		E9DBFE622745995C00F33717 /* Assets.xcassets */ = {isa = PBXFileReference; lastKnownFileType = folder.assetcatalog; path = Assets.xcassets; sourceTree = "<group>"; };
		E9DBFE652745995C00F33717 /* Base */ = {isa = PBXFileReference; lastKnownFileType = file.storyboard; name = Base; path = Base.lproj/LaunchScreen.storyboard; sourceTree = "<group>"; };
		E9DBFE672745995C00F33717 /* Info.plist */ = {isa = PBXFileReference; lastKnownFileType = text.plist.xml; path = Info.plist; sourceTree = "<group>"; };
/* End PBXFileReference section */

/* Begin PBXFrameworksBuildPhase section */
		E9DBFE502745995900F33717 /* Frameworks */ = {
			isa = PBXFrameworksBuildPhase;
			buildActionMask = 2147483647;
			files = (
			);
			runOnlyForDeploymentPostprocessing = 0;
		};
/* End PBXFrameworksBuildPhase section */

/* Begin PBXGroup section */
		E9DBFE4A2745995900F33717 = {
			isa = PBXGroup;
			children = (
				E9DBFE552745995900F33717 /* eCONSTORE */,
				E9DBFE542745995900F33717 /* Products */,
			);
			sourceTree = "<group>";
		};
		E9DBFE542745995900F33717 /* Products */ = {
			isa = PBXGroup;
			children = (
				E9DBFE532745995900F33717 /* eCONSTORE.app */,
			);
			name = Products;
			sourceTree = "<group>";
		};
		E9DBFE552745995900F33717 /* eCONSTORE */ = {
			isa = PBXGroup;
			children = (
				E9DBFE562745995900F33717 /* AppDelegate.swift */,
				E9DBFE582745995900F33717 /* SceneDelegate.swift */,
				E9DBFE5A2745995900F33717 /* ViewController.swift */,
				E9DBFE5C2745995900F33717 /* Main.storyboard */,
				E9DBFE622745995C00F33717 /* Assets.xcassets */,
				E9DBFE642745995C00F33717 /* LaunchScreen.storyboard */,
				E9DBFE672745995C00F33717 /* Info.plist */,
				E9DBFE5F2745995900F33717 /* eCONSTORE.xcdatamodeld */,
			);
			path = eCONSTORE;
			sourceTree = "<group>";
		};
/* End PBXGroup section */

/* Begin PBXNativeTarget section */
		E9DBFE522745995900F33717 /* eCONSTORE */ = {
			isa = PBXNativeTarget;
			buildConfigurationList = E9DBFE6A2745995C00F33717 /* Build configuration list for PBXNativeTarget "eCONSTORE" */;
			buildPhases = (
				E9DBFE4F2745995900F33717 /* Sources */,
				E9DBFE502745995900F33717 /* Frameworks */,
				E9DBFE512745995900F33717 /* Resources */,
			);
			buildRules = (
			);
			dependencies = (
			);
			name = eCONSTORE;
			productName = eCONSTORE;
			productReference = E9DBFE532745995900F33717 /* eCONSTORE.app */;
			productType = "com.apple.product-type.application";
		};
/* End PBXNativeTarget section */

/* Begin PBXProject section */
		E9DBFE4B2745995900F33717 /* Project object */ = {
			isa = PBXProject;
			attributes = {
				LastSwiftUpdateCheck = 1250;
				LastUpgradeCheck = 1250;
				TargetAttributes = {
					E9DBFE522745995900F33717 = {
						CreatedOnToolsVersion = 12.5.1;
					};
				};
			};
			buildConfigurationList = E9DBFE4E2745995900F33717 /* Build configuration list for PBXProject "eCONSTORE" */;
			compatibilityVersion = "Xcode 9.3";
			developmentRegion = en;
			hasScannedForEncodings = 0;
			knownRegions = (
				en,
				Base,
			);
			mainGroup = E9DBFE4A2745995900F33717;
			productRefGroup = E9DBFE542745995900F33717 /* Products */;
			projectDirPath = "";
			projectRoot = "";
			targets = (
				E9DBFE522745995900F33717 /* eCONSTORE */,
			);
		};
/* End PBXProject section */

/* Begin PBXResourcesBuildPhase section */
		E9DBFE512745995900F33717 /* Resources */ = {
			isa = PBXResourcesBuildPhase;
			buildActionMask = 2147483647;
			files = (
				E9DBFE662745995C00F33717 /* LaunchScreen.storyboard in Resources */,
				E9DBFE632745995C00F33717 /* Assets.xcassets in Resources */,
				E9DBFE5E2745995900F33717 /* Main.storyboard in Resources */,
			);
			runOnlyForDeploymentPostprocessing = 0;
		};
/* End PBXResourcesBuildPhase section */

/* Begin PBXSourcesBuildPhase section */
		E9DBFE4F2745995900F33717 /* Sources */ = {
			isa = PBXSourcesBuildPhase;
			buildActionMask = 2147483647;
			files = (
				E9DBFE612745995900F33717 /* eCONSTORE.xcdatamodeld in Sources */,
				E9DBFE5B2745995900F33717 /* ViewController.swift in Sources */,
				E9DBFE572745995900F33717 /* AppDelegate.swift in Sources */,
				E9DBFE592745995900F33717 /* SceneDelegate.swift in Sources */,
			);
			runOnlyForDeploymentPostprocessing = 0;
		};
/* End PBXSourcesBuildPhase section */

/* Begin PBXVariantGroup section */
		E9DBFE5C2745995900F33717 /* Main.storyboard */ = {
			isa = PBXVariantGroup;
			children = (
				E9DBFE5D2745995900F33717 /* Base */,
			);
			name = Main.storyboard;
			sourceTree = "<group>";
		};
		E9DBFE642745995C00F33717 /* LaunchScreen.storyboard */ = {
			isa = PBXVariantGroup;
			children = (
				E9DBFE652745995C00F33717 /* Base */,
			);
			name = LaunchScreen.storyboard;
			sourceTree = "<group>";
		};
/* End PBXVariantGroup section */

/* Begin XCBuildConfiguration section */
		E9DBFE682745995C00F33717 /* Debug */ = {
			isa = XCBuildConfiguration;
			buildSettings = {
				ALWAYS_SEARCH_USER_PATHS = NO;
				CLANG_ANALYZER_NONNULL = YES;
				CLANG_ANALYZER_NUMBER_OBJECT_CONVERSION = YES_AGGRESSIVE;
				CLANG_CXX_LANGUAGE_STANDARD = "gnu++14";
				CLANG_CXX_LIBRARY = "libc++";
				CLANG_ENABLE_MODULES = YES;
				CLANG_ENABLE_OBJC_ARC = YES;
				CLANG_ENABLE_OBJC_WEAK = YES;
				CLANG_WARN_BLOCK_CAPTURE_AUTORELEASING = YES;
				CLANG_WARN_BOOL_CONVERSION = YES;
				CLANG_WARN_COMMA = YES;
				CLANG_WARN_CONSTANT_CONVERSION = YES;
				CLANG_WARN_DEPRECATED_OBJC_IMPLEMENTATIONS = YES;
				CLANG_WARN_DIRECT_OBJC_ISA_USAGE = YES_ERROR;
				CLANG_WARN_DOCUMENTATION_COMMENTS = YES;
				CLANG_WARN_EMPTY_BODY = YES;
				CLANG_WARN_ENUM_CONVERSION = YES;
				CLANG_WARN_INFINITE_RECURSION = YES;
				CLANG_WARN_INT_CONVERSION = YES;
				CLANG_WARN_NON_LITERAL_NULL_CONVERSION = YES;
				CLANG_WARN_OBJC_IMPLICIT_RETAIN_SELF = YES;
				CLANG_WARN_OBJC_LITERAL_CONVERSION = YES;
				CLANG_WARN_OBJC_ROOT_CLASS = YES_ERROR;
				CLANG_WARN_QUOTED_INCLUDE_IN_FRAMEWORK_HEADER = YES;
				CLANG_WARN_RANGE_LOOP_ANALYSIS = YES;
				CLANG_WARN_STRICT_PROTOTYPES = YES;
				CLANG_WARN_SUSPICIOUS_MOVE = YES;
				CLANG_WARN_UNGUARDED_AVAILABILITY = YES_AGGRESSIVE;
				CLANG_WARN_UNREACHABLE_CODE = YES;
				CLANG_WARN__DUPLICATE_METHOD_MATCH = YES;
				COPY_PHASE_STRIP = NO;
				DEBUG_INFORMATION_FORMAT = dwarf;
				ENABLE_STRICT_OBJC_MSGSEND = YES;
				ENABLE_TESTABILITY = YES;
				GCC_C_LANGUAGE_STANDARD = gnu11;
				GCC_DYNAMIC_NO_PIC = NO;
				GCC_NO_COMMON_BLOCKS = YES;
				GCC_OPTIMIZATION_LEVEL = 0;
				GCC_PREPROCESSOR_DEFINITIONS = (
					"DEBUG=1",
					"$(inherited)",
				);
				GCC_WARN_64_TO_32_BIT_CONVERSION = YES;
				GCC_WARN_ABOUT_RETURN_TYPE = YES_ERROR;
				GCC_WARN_UNDECLARED_SELECTOR = YES;
				GCC_WARN_UNINITIALIZED_AUTOS = YES_AGGRESSIVE;
				GCC_WARN_UNUSED_FUNCTION = YES;
				GCC_WARN_UNUSED_VARIABLE = YES;
				IPHONEOS_DEPLOYMENT_TARGET = 14.5;
				MTL_ENABLE_DEBUG_INFO = INCLUDE_SOURCE;
				MTL_FAST_MATH = YES;
				ONLY_ACTIVE_ARCH = YES;
				SDKROOT = iphoneos;
				SWIFT_ACTIVE_COMPILATION_CONDITIONS = DEBUG;
				SWIFT_OPTIMIZATION_LEVEL = "-Onone";
			};
			name = Debug;
		};
		E9DBFE692745995C00F33717 /* Release */ = {
			isa = XCBuildConfiguration;
			buildSettings = {
				ALWAYS_SEARCH_USER_PATHS = NO;
				CLANG_ANALYZER_NONNULL = YES;
				CLANG_ANALYZER_NUMBER_OBJECT_CONVERSION = YES_AGGRESSIVE;
				CLANG_CXX_LANGUAGE_STANDARD = "gnu++14";
				CLANG_CXX_LIBRARY = "libc++";
				CLANG_ENABLE_MODULES = YES;
				CLANG_ENABLE_OBJC_ARC = YES;
				CLANG_ENABLE_OBJC_WEAK = YES;
				CLANG_WARN_BLOCK_CAPTURE_AUTORELEASING = YES;
				CLANG_WARN_BOOL_CONVERSION = YES;
				CLANG_WARN_COMMA = YES;
				CLANG_WARN_CONSTANT_CONVERSION = YES;
				CLANG_WARN_DEPRECATED_OBJC_IMPLEMENTATIONS = YES;
				CLANG_WARN_DIRECT_OBJC_ISA_USAGE = YES_ERROR;
				CLANG_WARN_DOCUMENTATION_COMMENTS = YES;
				CLANG_WARN_EMPTY_BODY = YES;
				CLANG_WARN_ENUM_CONVERSION = YES;
				CLANG_WARN_INFINITE_RECURSION = YES;
				CLANG_WARN_INT_CONVERSION = YES;
				CLANG_WARN_NON_LITERAL_NULL_CONVERSION = YES;
				CLANG_WARN_OBJC_IMPLICIT_RETAIN_SELF = YES;
				CLANG_WARN_OBJC_LITERAL_CONVERSION = YES;
				CLANG_WARN_OBJC_ROOT_CLASS = YES_ERROR;
				CLANG_WARN_QUOTED_INCLUDE_IN_FRAMEWORK_HEADER = YES;
				CLANG_WARN_RANGE_LOOP_ANALYSIS = YES;
				CLANG_WARN_STRICT_PROTOTYPES = YES;
				CLANG_WARN_SUSPICIOUS_MOVE = YES;
				CLANG_WARN_UNGUARDED_AVAILABILITY = YES_AGGRESSIVE;
				CLANG_WARN_UNREACHABLE_CODE = YES;
				CLANG_WARN__DUPLICATE_METHOD_MATCH = YES;
				COPY_PHASE_STRIP = NO;
				DEBUG_INFORMATION_FORMAT = "dwarf-with-dsym";
				ENABLE_NS_ASSERTIONS = NO;
				ENABLE_STRICT_OBJC_MSGSEND = YES;
				GCC_C_LANGUAGE_STANDARD = gnu11;
				GCC_NO_COMMON_BLOCKS = YES;
				GCC_WARN_64_TO_32_BIT_CONVERSION = YES;
				GCC_WARN_ABOUT_RETURN_TYPE = YES_ERROR;
				GCC_WARN_UNDECLARED_SELECTOR = YES;
				GCC_WARN_UNINITIALIZED_AUTOS = YES_AGGRESSIVE;
				GCC_WARN_UNUSED_FUNCTION = YES;
				GCC_WARN_UNUSED_VARIABLE = YES;
				IPHONEOS_DEPLOYMENT_TARGET = 14.5;
				MTL_ENABLE_DEBUG_INFO = NO;
				MTL_FAST_MATH = YES;
				SDKROOT = iphoneos;
				SWIFT_COMPILATION_MODE = wholemodule;
				SWIFT_OPTIMIZATION_LEVEL = "-O";
				VALIDATE_PRODUCT = YES;
			};
			name = Release;
		};
		E9DBFE6B2745995C00F33717 /* Debug */ = {
			isa = XCBuildConfiguration;
			buildSettings = {
				ASSETCATALOG_COMPILER_APPICON_NAME = AppIcon;
				ASSETCATALOG_COMPILER_GLOBAL_ACCENT_COLOR_NAME = AccentColor;
				CODE_SIGN_STYLE = Automatic;
				DEVELOPMENT_TEAM = 3RJW7B2427;
				INFOPLIST_FILE = eCONSTORE/Info.plist;
				LD_RUNPATH_SEARCH_PATHS = (
					"$(inherited)",
					"@executable_path/Frameworks",
				);
				PRODUCT_BUNDLE_IDENTIFIER = com.ca.eCONSTORE;
				PRODUCT_NAME = "$(TARGET_NAME)";
				SWIFT_VERSION = 5.0;
				TARGETED_DEVICE_FAMILY = "1,2";
			};
			name = Debug;
		};
		E9DBFE6C2745995C00F33717 /* Release */ = {
			isa = XCBuildConfiguration;
			buildSettings = {
				ASSETCATALOG_COMPILER_APPICON_NAME = AppIcon;
				ASSETCATALOG_COMPILER_GLOBAL_ACCENT_COLOR_NAME = AccentColor;
				CODE_SIGN_STYLE = Automatic;
				DEVELOPMENT_TEAM = 3RJW7B2427;
				INFOPLIST_FILE = eCONSTORE/Info.plist;
				LD_RUNPATH_SEARCH_PATHS = (
					"$(inherited)",
					"@executable_path/Frameworks",
				);
				PRODUCT_BUNDLE_IDENTIFIER = com.ca.eCONSTORE;
				PRODUCT_NAME = "$(TARGET_NAME)";
				SWIFT_VERSION = 5.0;
				TARGETED_DEVICE_FAMILY = "1,2";
			};
			name = Release;
		};
/* End XCBuildConfiguration section */

/* Begin XCConfigurationList section */
		E9DBFE4E2745995900F33717 /* Build configuration list for PBXProject "eCONSTORE" */ = {
			isa = XCConfigurationList;
			buildConfigurations = (
				E9DBFE682745995C00F33717 /* Debug */,
				E9DBFE692745995C00F33717 /* Release */,
			);
			defaultConfigurationIsVisible = 0;
			defaultConfigurationName = Release;
		};
		E9DBFE6A2745995C00F33717 /* Build configuration list for PBXNativeTarget "eCONSTORE" */ = {
			isa = XCConfigurationList;
			buildConfigurations = (
				E9DBFE6B2745995C00F33717 /* Debug */,
				E9DBFE6C2745995C00F33717 /* Release */,
			);
			defaultConfigurationIsVisible = 0;
			defaultConfigurationName = Release;
		};
/* End XCConfigurationList section */

/* Begin XCVersionGroup section */
		E9DBFE5F2745995900F33717 /* eCONSTORE.xcdatamodeld */ = {
			isa = XCVersionGroup;
			children = (
				E9DBFE602745995900F33717 /* eCONSTORE.xcdatamodel */,
			);
			currentVersion = E9DBFE602745995900F33717 /* eCONSTORE.xcdatamodel */;
			path = eCONSTORE.xcdatamodeld;
			sourceTree = "<group>";
			versionGroupType = wrapper.xcdatamodel;
		};
/* End XCVersionGroup section */
	};
	rootObject = E9DBFE4B2745995900F33717 /* Project object */;
}
